{
  "nodes": {
    "nixpkgs": {
      "locked": {
        "lastModified": 0,
        "narHash": "sha256-fPGwZIdAwMpcYEwk2MGroCgfG3eJAM+12Sk3gZ8v9M8=",
        "path": "/nix/store/p3bvy3abha8dihrczhsfmcvp3a87dwd2-source",
        "type": "path"
      },
      "original": {
        "id": "nixpkgs",
        "type": "indirect"
      }
    },
    "root": {
      "inputs": {
        "nixpkgs": "nixpkgs"
      }
    }
  },
  "root": "root",
  "version": 7
}
